
Microsoft Visual Studio Solution File, Format Version 12.00
# Visual Studio Version 17
VisualStudioVersion = 17.0.31903.59
MinimumVisualStudioVersion = 10.0.40219.1
Project("{FAE04EC0-301F-11D3-BF4B-00C04F79EFBC}") = "Kjac.SearchProvider.Elasticsearch.Site", "Kjac.SearchProvider.Elasticsearch.Site\Kjac.SearchProvider.Elasticsearch.Site.csproj", "{0E689D8F-57EC-4F2D-AC34-808A1E6C740F}"
EndProject
Project("{FAE04EC0-301F-11D3-BF4B-00C04F79EFBC}") = "Kjac.SearchProvider.Elasticsearch", "Kjac.SearchProvider.Elasticsearch\Kjac.SearchProvider.Elasticsearch.csproj", "{404DD853-E098-4398-95A1-1538D42D7389}"
EndProject
Project("{FAE04EC0-301F-11D3-BF4B-00C04F79EFBC}") = "Kjac.SearchProvider.Elasticsearch.Tests", "Kjac.SearchProvider.Elasticsearch.Tests\Kjac.SearchProvider.Elasticsearch.Tests.csproj", "{114F7ADB-AC54-453F-A96A-743E6200302F}"
EndProject
Project("{2150E333-8FDC-42A3-9474-1A3956D46DE8}") = "Solution Items", "Solution Items", "{92EE9D4E-D394-4719-B9F0-C4CD9B64336A}"
	ProjectSection(SolutionItems) = preProject
		..\.gitignore = ..\.gitignore
		..\README.md = ..\README.md
		global.json = global.json
	EndProjectSection
EndProject
Global
	GlobalSection(SolutionConfigurationPlatforms) = preSolution
		Debug|Any CPU = Debug|Any CPU
		Release|Any CPU = Release|Any CPU
	EndGlobalSection
	GlobalSection(SolutionProperties) = preSolution
		HideSolutionNode = FALSE
	EndGlobalSection
	GlobalSection(ProjectConfigurationPlatforms) = postSolution
		{0E689D8F-57EC-4F2D-AC34-808A1E6C740F}.Debug|Any CPU.ActiveCfg = Debug|Any CPU
		{0E689D8F-57EC-4F2D-AC34-808A1E6C740F}.Debug|Any CPU.Build.0 = Debug|Any CPU
		{0E689D8F-57EC-4F2D-AC34-808A1E6C740F}.Release|Any CPU.ActiveCfg = Release|Any CPU
		{0E689D8F-57EC-4F2D-AC34-808A1E6C740F}.Release|Any CPU.Build.0 = Release|Any CPU
		{404DD853-E098-4398-95A1-1538D42D7389}.Debug|Any CPU.ActiveCfg = Debug|Any CPU
		{404DD853-E098-4398-95A1-1538D42D7389}.Debug|Any CPU.Build.0 = Debug|Any CPU
		{404DD853-E098-4398-95A1-1538D42D7389}.Release|Any CPU.ActiveCfg = Release|Any CPU
		{404DD853-E098-4398-95A1-1538D42D7389}.Release|Any CPU.Build.0 = Release|Any CPU
		{114F7ADB-AC54-453F-A96A-743E6200302F}.Debug|Any CPU.ActiveCfg = Debug|Any CPU
		{114F7ADB-AC54-453F-A96A-743E6200302F}.Debug|Any CPU.Build.0 = Debug|Any CPU
		{114F7ADB-AC54-453F-A96A-743E6200302F}.Release|Any CPU.ActiveCfg = Release|Any CPU
		{114F7ADB-AC54-453F-A96A-743E6200302F}.Release|Any CPU.Build.0 = Release|Any CPU
	EndGlobalSection
EndGlobal
